{
    "_readme": [
        "This file locks the dependencies of your project to a known state",
        "Read more about it at https://getcomposer.org/doc/01-basic-usage.md#installing-dependencies",
        "This file is @generated automatically"
    ],
    "content-hash": "e3190e3b17a93ad92270d7d00ccff47d",
    "packages": [
        {
            "name": "phlak/semver",
            "version": "dev-master",
            "source": {
                "type": "git",
                "url": "https://github.com/PHLAK/SemVer.git",
                "reference": "22437c7505bc5bfcda4d852290214b1d3beff3e9"
            },
            "dist": {
                "type": "zip",
                "url": "https://api.github.com/repos/PHLAK/SemVer/zipball/22437c7505bc5bfcda4d852290214b1d3beff3e9",
                "reference": "22437c7505bc5bfcda4d852290214b1d3beff3e9",
                "shasum": ""
            },
            "require": {
                "php": "^8.0 || ^8.1 || ^8.2 || 8.3"
            },
            "require-dev": {
                "phlak/coding-standards": "^2.0",
                "phpstan/phpstan": "^1.11",
                "phpunit/phpunit": "^9.0 || ^10.0",
                "yoast/phpunit-polyfills": "^2.0"
            },
            "default-branch": true,
            "type": "library",
            "autoload": {
                "files": [
                    "src/Support/helpers.php"
                ],
                "psr-4": {
                    "PHLAK\\SemVer\\": "src/"
                }
            },
            "notification-url": "https://packagist.org/downloads/",
            "license": [
                "MIT"
            ],
            "authors": [
                {
                    "name": "Chris Kankiewicz",
                    "email": "Chris@ChrisKankiewicz.com"
                }
            ],
            "description": "Semantic versioning helper library",
            "support": {
                "issues": "https://github.com/PHLAK/SemVer/issues",
                "source": "https://github.com/PHLAK/SemVer/tree/master"
            },
            "funding": [
                {
                    "url": "https://github.com/sponsors/PHLAK",
                    "type": "github"
                },
                {
                    "url": "https://paypal.me/ChrisKankiewicz",
                    "type": "paypal"
                }
            ],
            "time": "2024-08-02T17:13:23+00:00"
        },
        {
            "name": "theod02/castor-class-task",
            "version": "dev-main",
            "source": {
                "type": "git",
                "url": "https://github.com/TheoD02/castor-class-task.git",
                "reference": "d3120b65f15c1424f755d682c326cd2dfd587c90"
            },
            "default-branch": true,
            "type": "library",
            "autoload": {
                "psr-4": {
                    "TheoD02\\Castor\\Classes\\": "src/"
                }
            },
            "license": [
                "MIT"
            ],
            "authors": [
                {
                    "name": "Theo D",
                    "email": "theo.d02290@gmail.com"
                }
            ],
            "description": "Add possibility to use class and methods to expose task in castor",
            "time": "2024-04-14T11:27:40+00:00"
        }
    ],
    "packages-dev": [],
    "aliases": [],
    "minimum-stability": "dev",
    "stability-flags": {
        "theod02/castor-class-task": 20
    },
    "prefer-stable": false,
    "prefer-lowest": false,
    "platform": [],
    "platform-dev": [],
    "plugin-api-version": "2.6.0"
}
